
Microsoft Visual Studio Solution File, Format Version 12.00
# Visual Studio Version 17
VisualStudioVersion = 17.0.31903.59
MinimumVisualStudioVersion = 10.0.40219.1
Project("{FAE04EC0-301F-11D3-BF4B-00C04F79EFBC}") = "Day1", "Day1\Day1.csproj", "{7FC7DAA6-B4DC-48A6-BBF1-284655622CF0}"
EndProject
Project("{FAE04EC0-301F-11D3-BF4B-00C04F79EFBC}") = "Day3", "Day3\Day3.csproj", "{A4C8FC68-9769-4550-A6F7-F663CE274F3A}"
EndProject
Project("{FAE04EC0-301F-11D3-BF4B-00C04F79EFBC}") = "Week01FooBar", "Week01FooBar\Week01FooBar.csproj", "{D82AA78B-20B1-437D-BF52-5CECBAB7D7A1}"
EndProject
Project("{FAE04EC0-301F-11D3-BF4B-00C04F79EFBC}") = "Week01Queue", "Week01Queue\Week01Queue.csproj", "{863BD1D1-CC66-49C1-AA53-DD46FD1E29AE}"
EndProject
Project("{FAE04EC0-301F-11D3-BF4B-00C04F79EFBC}") = "Week01Stack", "Week01Stack\Week01Stack.csproj", "{2F4E2394-C27A-4935-ACC2-EC8B32340723}"
EndProject
Project("{FAE04EC0-301F-11D3-BF4B-00C04F79EFBC}") = "Day5", "Day5\Day5.csproj", "{83696EEF-F1A1-4F0C-A340-5AA0557D1453}"
EndProject
Project("{FAE04EC0-301F-11D3-BF4B-00C04F79EFBC}") = "Week01LinkedList", "Week01LinkedList\Week01LinkedList.csproj", "{D29B55D2-00B6-4C0B-88C7-E0B2AA6E755E}"
EndProject
Global
	GlobalSection(SolutionConfigurationPlatforms) = preSolution
		Debug|Any CPU = Debug|Any CPU
		Release|Any CPU = Release|Any CPU
	EndGlobalSection
	GlobalSection(SolutionProperties) = preSolution
		HideSolutionNode = FALSE
	EndGlobalSection
	GlobalSection(ProjectConfigurationPlatforms) = postSolution
		{7FC7DAA6-B4DC-48A6-BBF1-284655622CF0}.Debug|Any CPU.ActiveCfg = Debug|Any CPU
		{7FC7DAA6-B4DC-48A6-BBF1-284655622CF0}.Debug|Any CPU.Build.0 = Debug|Any CPU
		{7FC7DAA6-B4DC-48A6-BBF1-284655622CF0}.Release|Any CPU.ActiveCfg = Release|Any CPU
		{7FC7DAA6-B4DC-48A6-BBF1-284655622CF0}.Release|Any CPU.Build.0 = Release|Any CPU
		{A4C8FC68-9769-4550-A6F7-F663CE274F3A}.Debug|Any CPU.ActiveCfg = Debug|Any CPU
		{A4C8FC68-9769-4550-A6F7-F663CE274F3A}.Debug|Any CPU.Build.0 = Debug|Any CPU
		{A4C8FC68-9769-4550-A6F7-F663CE274F3A}.Release|Any CPU.ActiveCfg = Release|Any CPU
		{A4C8FC68-9769-4550-A6F7-F663CE274F3A}.Release|Any CPU.Build.0 = Release|Any CPU
		{D82AA78B-20B1-437D-BF52-5CECBAB7D7A1}.Debug|Any CPU.ActiveCfg = Debug|Any CPU
		{D82AA78B-20B1-437D-BF52-5CECBAB7D7A1}.Debug|Any CPU.Build.0 = Debug|Any CPU
		{D82AA78B-20B1-437D-BF52-5CECBAB7D7A1}.Release|Any CPU.ActiveCfg = Release|Any CPU
		{D82AA78B-20B1-437D-BF52-5CECBAB7D7A1}.Release|Any CPU.Build.0 = Release|Any CPU
		{863BD1D1-CC66-49C1-AA53-DD46FD1E29AE}.Debug|Any CPU.ActiveCfg = Debug|Any CPU
		{863BD1D1-CC66-49C1-AA53-DD46FD1E29AE}.Debug|Any CPU.Build.0 = Debug|Any CPU
		{863BD1D1-CC66-49C1-AA53-DD46FD1E29AE}.Release|Any CPU.ActiveCfg = Release|Any CPU
		{863BD1D1-CC66-49C1-AA53-DD46FD1E29AE}.Release|Any CPU.Build.0 = Release|Any CPU
		{2F4E2394-C27A-4935-ACC2-EC8B32340723}.Debug|Any CPU.ActiveCfg = Debug|Any CPU
		{2F4E2394-C27A-4935-ACC2-EC8B32340723}.Debug|Any CPU.Build.0 = Debug|Any CPU
		{2F4E2394-C27A-4935-ACC2-EC8B32340723}.Release|Any CPU.ActiveCfg = Release|Any CPU
		{2F4E2394-C27A-4935-ACC2-EC8B32340723}.Release|Any CPU.Build.0 = Release|Any CPU
		{83696EEF-F1A1-4F0C-A340-5AA0557D1453}.Debug|Any CPU.ActiveCfg = Debug|Any CPU
		{83696EEF-F1A1-4F0C-A340-5AA0557D1453}.Debug|Any CPU.Build.0 = Debug|Any CPU
		{83696EEF-F1A1-4F0C-A340-5AA0557D1453}.Release|Any CPU.ActiveCfg = Release|Any CPU
		{83696EEF-F1A1-4F0C-A340-5AA0557D1453}.Release|Any CPU.Build.0 = Release|Any CPU
		{D29B55D2-00B6-4C0B-88C7-E0B2AA6E755E}.Debug|Any CPU.ActiveCfg = Debug|Any CPU
		{D29B55D2-00B6-4C0B-88C7-E0B2AA6E755E}.Debug|Any CPU.Build.0 = Debug|Any CPU
		{D29B55D2-00B6-4C0B-88C7-E0B2AA6E755E}.Release|Any CPU.ActiveCfg = Release|Any CPU
		{D29B55D2-00B6-4C0B-88C7-E0B2AA6E755E}.Release|Any CPU.Build.0 = Release|Any CPU
	EndGlobalSection
EndGlobal
